
Microsoft Visual Studio Solution File, Format Version 12.00
# Visual Studio 2015
Project("{FAE04EC0-301F-11D3-BF4B-00C04F79EFBC}") = "4X Space Game.CSharp", "4X Space Game.CSharp.csproj", "{D1291FBD-ACFF-FB49-89E4-647B4ADAD0A5}"
EndProject
Global
	GlobalSection(SolutionConfigurationPlatforms) = preSolution
		Debug|Any CPU = Debug|Any CPU
		Release|Any CPU = Release|Any CPU
	EndGlobalSection
	GlobalSection(ProjectConfigurationPlatforms) = postSolution
		{D1291FBD-ACFF-FB49-89E4-647B4ADAD0A5}.Debug|Any CPU.ActiveCfg = Debug|Any CPU
		{D1291FBD-ACFF-FB49-89E4-647B4ADAD0A5}.Debug|Any CPU.Build.0 = Debug|Any CPU
		{D1291FBD-ACFF-FB49-89E4-647B4ADAD0A5}.Release|Any CPU.ActiveCfg = Release|Any CPU
		{D1291FBD-ACFF-FB49-89E4-647B4ADAD0A5}.Release|Any CPU.Build.0 = Release|Any CPU
	EndGlobalSection
	GlobalSection(SolutionProperties) = preSolution
		HideSolutionNode = FALSE
	EndGlobalSection
EndGlobal
